// !$*UTF8*$!
{
	archiveVersion = 1;
	classes = {
	};
	objectVersion = 46;
	objects = {

/* Begin PBXBuildFile section */
		C15FDE911B57547600B77239 /* AppDelegate.swift in Sources */ = {isa = PBXBuildFile; fileRef = C15FDE901B57547600B77239 /* AppDelegate.swift */; };
		C15FDE931B57547600B77239 /* ViewController.swift in Sources */ = {isa = PBXBuildFile; fileRef = C15FDE921B57547600B77239 /* ViewController.swift */; };
		C15FDE961B57547600B77239 /* Main.storyboard in Resources */ = {isa = PBXBuildFile; fileRef = C15FDE941B57547600B77239 /* Main.storyboard */; };
		C15FDE981B57547600B77239 /* Images.xcassets in Resources */ = {isa = PBXBuildFile; fileRef = C15FDE971B57547600B77239 /* Images.xcassets */; };
		C15FDE9B1B57547600B77239 /* LaunchScreen.xib in Resources */ = {isa = PBXBuildFile; fileRef = C15FDE991B57547600B77239 /* LaunchScreen.xib */; };
		C15FDEA71B57547600B77239 /* PetitionTests.swift in Sources */ = {isa = PBXBuildFile; fileRef = C15FDEA61B57547600B77239 /* PetitionTests.swift */; };
/* End PBXBuildFile section */

/* Begin PBXContainerItemProxy section */
		C15FDEA11B57547600B77239 /* PBXContainerItemProxy */ = {
			isa = PBXContainerItemProxy;
			containerPortal = C15FDE831B57547600B77239 /* Project object */;
			proxyType = 1;
			remoteGlobalIDString = C15FDE8A1B57547600B77239;
			remoteInfo = Petition;
		};
/* End PBXContainerItemProxy section */

/* Begin PBXFileReference section */
		C15FDE8B1B57547600B77239 /* Petition.app */ = {isa = PBXFileReference; explicitFileType = wrapper.application; includeInIndex = 0; path = Petition.app; sourceTree = BUILT_PRODUCTS_DIR; };
		C15FDE8F1B57547600B77239 /* Info.plist */ = {isa = PBXFileReference; lastKnownFileType = text.plist.xml; path = Info.plist; sourceTree = "<group>"; };
		C15FDE901B57547600B77239 /* AppDelegate.swift */ = {isa = PBXFileReference; lastKnownFileType = sourcecode.swift; path = AppDelegate.swift; sourceTree = "<group>"; };
		C15FDE921B57547600B77239 /* ViewController.swift */ = {isa = PBXFileReference; lastKnownFileType = sourcecode.swift; path = ViewController.swift; sourceTree = "<group>"; };
		C15FDE951B57547600B77239 /* Base */ = {isa = PBXFileReference; lastKnownFileType = file.storyboard; name = Base; path = Base.lproj/Main.storyboard; sourceTree = "<group>"; };
		C15FDE971B57547600B77239 /* Images.xcassets */ = {isa = PBXFileReference; lastKnownFileType = folder.assetcatalog; path = Images.xcassets; sourceTree = "<group>"; };
		C15FDE9A1B57547600B77239 /* Base */ = {isa = PBXFileReference; lastKnownFileType = file.xib; name = Base; path = Base.lproj/LaunchScreen.xib; sourceTree = "<group>"; };
		C15FDEA01B57547600B77239 /* PetitionTests.xctest */ = {isa = PBXFileReference; explicitFileType = wrapper.cfbundle; includeInIndex = 0; path = PetitionTests.xctest; sourceTree = BUILT_PRODUCTS_DIR; };
		C15FDEA51B57547600B77239 /* Info.plist */ = {isa = PBXFileReference; lastKnownFileType = text.plist.xml; path = Info.plist; sourceTree = "<group>"; };
		C15FDEA61B57547600B77239 /* PetitionTests.swift */ = {isa = PBXFileReference; lastKnownFileType = sourcecode.swift; path = PetitionTests.swift; sourceTree = "<group>"; };
/* End PBXFileReference section */

/* Begin PBXFrameworksBuildPhase section */
		C15FDE881B57547600B77239 /* Frameworks */ = {
			isa = PBXFrameworksBuildPhase;
			buildActionMask = 2147483647;
			files = (
			);
			runOnlyForDeploymentPostprocessing = 0;
		};
		C15FDE9D1B57547600B77239 /* Frameworks */ = {
			isa = PBXFrameworksBuildPhase;
			buildActionMask = 2147483647;
			files = (
			);
			runOnlyForDeploymentPostprocessing = 0;
		};
/* End PBXFrameworksBuildPhase section */

/* Begin PBXGroup section */
		C15FDE821B57547600B77239 = {
			isa = PBXGroup;
			children = (
				C15FDE8D1B57547600B77239 /* Petition */,
				C15FDEA31B57547600B77239 /* PetitionTests */,
				C15FDE8C1B57547600B77239 /* Products */,
			);
			sourceTree = "<group>";
		};
		C15FDE8C1B57547600B77239 /* Products */ = {
			isa = PBXGroup;
			children = (
				C15FDE8B1B57547600B77239 /* Petition.app */,
				C15FDEA01B57547600B77239 /* PetitionTests.xctest */,
			);
			name = Products;
			sourceTree = "<group>";
		};
		C15FDE8D1B57547600B77239 /* Petition */ = {
			isa = PBXGroup;
			children = (
				C15FDE901B57547600B77239 /* AppDelegate.swift */,
				C15FDE921B57547600B77239 /* ViewController.swift */,
				C15FDE941B57547600B77239 /* Main.storyboard */,
				C15FDE971B57547600B77239 /* Images.xcassets */,
				C15FDE991B57547600B77239 /* LaunchScreen.xib */,
				C15FDE8E1B57547600B77239 /* Supporting Files */,
			);
			path = Petition;
			sourceTree = "<group>";
		};
		C15FDE8E1B57547600B77239 /* Supporting Files */ = {
			isa = PBXGroup;
			children = (
				C15FDE8F1B57547600B77239 /* Info.plist */,
			);
			name = "Supporting Files";
			sourceTree = "<group>";
		};
		C15FDEA31B57547600B77239 /* PetitionTests */ = {
			isa = PBXGroup;
			children = (
				C15FDEA61B57547600B77239 /* PetitionTests.swift */,
				C15FDEA41B57547600B77239 /* Supporting Files */,
			);
			path = PetitionTests;
			sourceTree = "<group>";
		};
		C15FDEA41B57547600B77239 /* Supporting Files */ = {
			isa = PBXGroup;
			children = (
				C15FDEA51B57547600B77239 /* Info.plist */,
			);
			name = "Supporting Files";
			sourceTree = "<group>";
		};
/* End PBXGroup section */

/* Begin PBXNativeTarget section */
		C15FDE8A1B57547600B77239 /* Petition */ = {
			isa = PBXNativeTarget;
			buildConfigurationList = C15FDEAA1B57547600B77239 /* Build configuration list for PBXNativeTarget "Petition" */;
			buildPhases = (
				C15FDE871B57547600B77239 /* Sources */,
				C15FDE881B57547600B77239 /* Frameworks */,
				C15FDE891B57547600B77239 /* Resources */,
			);
			buildRules = (
			);
			dependencies = (
			);
			name = Petition;
			productName = Petition;
			productReference = C15FDE8B1B57547600B77239 /* Petition.app */;
			productType = "com.apple.product-type.application";
		};
		C15FDE9F1B57547600B77239 /* PetitionTests */ = {
			isa = PBXNativeTarget;
			buildConfigurationList = C15FDEAD1B57547600B77239 /* Build configuration list for PBXNativeTarget "PetitionTests" */;
			buildPhases = (
				C15FDE9C1B57547600B77239 /* Sources */,
				C15FDE9D1B57547600B77239 /* Frameworks */,
				C15FDE9E1B57547600B77239 /* Resources */,
			);
			buildRules = (
			);
			dependencies = (
				C15FDEA21B57547600B77239 /* PBXTargetDependency */,
			);
			name = PetitionTests;
			productName = PetitionTests;
			productReference = C15FDEA01B57547600B77239 /* PetitionTests.xctest */;
			productType = "com.apple.product-type.bundle.unit-test";
		};
/* End PBXNativeTarget section */

/* Begin PBXProject section */
		C15FDE831B57547600B77239 /* Project object */ = {
			isa = PBXProject;
			attributes = {
				LastUpgradeCheck = 0630;
				ORGANIZATIONNAME = "Catherine McMahon";
				TargetAttributes = {
					C15FDE8A1B57547600B77239 = {
						CreatedOnToolsVersion = 6.3.2;
					};
					C15FDE9F1B57547600B77239 = {
						CreatedOnToolsVersion = 6.3.2;
						TestTargetID = C15FDE8A1B57547600B77239;
					};
				};
			};
			buildConfigurationList = C15FDE861B57547600B77239 /* Build configuration list for PBXProject "Petition" */;
			compatibilityVersion = "Xcode 3.2";
			developmentRegion = English;
			hasScannedForEncodings = 0;
			knownRegions = (
				en,
				Base,
			);
			mainGroup = C15FDE821B57547600B77239;
			productRefGroup = C15FDE8C1B57547600B77239 /* Products */;
			projectDirPath = "";
			projectRoot = "";
			targets = (
				C15FDE8A1B57547600B77239 /* Petition */,
				C15FDE9F1B57547600B77239 /* PetitionTests */,
			);
		};
/* End PBXProject section */

/* Begin PBXResourcesBuildPhase section */
		C15FDE891B57547600B77239 /* Resources */ = {
			isa = PBXResourcesBuildPhase;
			buildActionMask = 2147483647;
			files = (
				C15FDE961B57547600B77239 /* Main.storyboard in Resources */,
				C15FDE9B1B57547600B77239 /* LaunchScreen.xib in Resources */,
				C15FDE981B57547600B77239 /* Images.xcassets in Resources */,
			);
			runOnlyForDeploymentPostprocessing = 0;
		};
		C15FDE9E1B57547600B77239 /* Resources */ = {
			isa = PBXResourcesBuildPhase;
			buildActionMask = 2147483647;
			files = (
			);
			runOnlyForDeploymentPostprocessing = 0;
		};
/* End PBXResourcesBuildPhase section */

/* Begin PBXSourcesBuildPhase section */
		C15FDE871B57547600B77239 /* Sources */ = {
			isa = PBXSourcesBuildPhase;
			buildActionMask = 2147483647;
			files = (
				C15FDE931B57547600B77239 /* ViewController.swift in Sources */,
				C15FDE911B57547600B77239 /* AppDelegate.swift in Sources */,
			);
			runOnlyForDeploymentPostprocessing = 0;
		};
		C15FDE9C1B57547600B77239 /* Sources */ = {
			isa = PBXSourcesBuildPhase;
			buildActionMask = 2147483647;
			files = (
				C15FDEA71B57547600B77239 /* PetitionTests.swift in Sources */,
			);
			runOnlyForDeploymentPostprocessing = 0;
		};
/* End PBXSourcesBuildPhase section */

/* Begin PBXTargetDependency section */
		C15FDEA21B57547600B77239 /* PBXTargetDependency */ = {
			isa = PBXTargetDependency;
			target = C15FDE8A1B57547600B77239 /* Petition */;
			targetProxy = C15FDEA11B57547600B77239 /* PBXContainerItemProxy */;
		};
/* End PBXTargetDependency section */

/* Begin PBXVariantGroup section */
		C15FDE941B57547600B77239 /* Main.storyboard */ = {
			isa = PBXVariantGroup;
			children = (
				C15FDE951B57547600B77239 /* Base */,
			);
			name = Main.storyboard;
			sourceTree = "<group>";
		};
		C15FDE991B57547600B77239 /* LaunchScreen.xib */ = {
			isa = PBXVariantGroup;
			children = (
				C15FDE9A1B57547600B77239 /* Base */,
			);
			name = LaunchScreen.xib;
			sourceTree = "<group>";
		};
/* End PBXVariantGroup section */

/* Begin XCBuildConfiguration section */
		C15FDEA81B57547600B77239 /* Debug */ = {
			isa = XCBuildConfiguration;
			buildSettings = {
				ALWAYS_SEARCH_USER_PATHS = NO;
				CLANG_CXX_LANGUAGE_STANDARD = "gnu++0x";
				CLANG_CXX_LIBRARY = "libc++";
				CLANG_ENABLE_MODULES = YES;
				CLANG_ENABLE_OBJC_ARC = YES;
				CLANG_WARN_BOOL_CONVERSION = YES;
				CLANG_WARN_CONSTANT_CONVERSION = YES;
				CLANG_WARN_DIRECT_OBJC_ISA_USAGE = YES_ERROR;
				CLANG_WARN_EMPTY_BODY = YES;
				CLANG_WARN_ENUM_CONVERSION = YES;
				CLANG_WARN_INT_CONVERSION = YES;
				CLANG_WARN_OBJC_ROOT_CLASS = YES_ERROR;
				CLANG_WARN_UNREACHABLE_CODE = YES;
				CLANG_WARN__DUPLICATE_METHOD_MATCH = YES;
				"CODE_SIGN_IDENTITY[sdk=iphoneos*]" = "iPhone Developer";
				COPY_PHASE_STRIP = NO;
				DEBUG_INFORMATION_FORMAT = "dwarf-with-dsym";
				ENABLE_STRICT_OBJC_MSGSEND = YES;
				GCC_C_LANGUAGE_STANDARD = gnu99;
				GCC_DYNAMIC_NO_PIC = NO;
				GCC_NO_COMMON_BLOCKS = YES;
				GCC_OPTIMIZATION_LEVEL = 0;
				GCC_PREPROCESSOR_DEFINITIONS = (
					"DEBUG=1",
					"$(inherited)",
				);
				GCC_SYMBOLS_PRIVATE_EXTERN = NO;
				GCC_WARN_64_TO_32_BIT_CONVERSION = YES;
				GCC_WARN_ABOUT_RETURN_TYPE = YES_ERROR;
				GCC_WARN_UNDECLARED_SELECTOR = YES;
				GCC_WARN_UNINITIALIZED_AUTOS = YES_AGGRESSIVE;
				GCC_WARN_UNUSED_FUNCTION = YES;
				GCC_WARN_UNUSED_VARIABLE = YES;
				IPHONEOS_DEPLOYMENT_TARGET = 8.3;
				MTL_ENABLE_DEBUG_INFO = YES;
				ONLY_ACTIVE_ARCH = YES;
				SDKROOT = iphoneos;
				SWIFT_OPTIMIZATION_LEVEL = "-Onone";
				TARGETED_DEVICE_FAMILY = "1,2";
			};
			name = Debug;
		};
		C15FDEA91B57547600B77239 /* Release */ = {
			isa = XCBuildConfiguration;
			buildSettings = {
				ALWAYS_SEARCH_USER_PATHS = NO;
				CLANG_CXX_LANGUAGE_STANDARD = "gnu++0x";
				CLANG_CXX_LIBRARY = "libc++";
				CLANG_ENABLE_MODULES = YES;
				CLANG_ENABLE_OBJC_ARC = YES;
				CLANG_WARN_BOOL_CONVERSION = YES;
				CLANG_WARN_CONSTANT_CONVERSION = YES;
				CLANG_WARN_DIRECT_OBJC_ISA_USAGE = YES_ERROR;
				CLANG_WARN_EMPTY_BODY = YES;
				CLANG_WARN_ENUM_CONVERSION = YES;
				CLANG_WARN_INT_CONVERSION = YES;
				CLANG_WARN_OBJC_ROOT_CLASS = YES_ERROR;
				CLANG_WARN_UNREACHABLE_CODE = YES;
				CLANG_WARN__DUPLICATE_METHOD_MATCH = YES;
				"CODE_SIGN_IDENTITY[sdk=iphoneos*]" = "iPhone Developer";
				COPY_PHASE_STRIP = NO;
				DEBUG_INFORMATION_FORMAT = "dwarf-with-dsym";
				ENABLE_NS_ASSERTIONS = NO;
				ENABLE_STRICT_OBJC_MSGSEND = YES;
				GCC_C_LANGUAGE_STANDARD = gnu99;
				GCC_NO_COMMON_BLOCKS = YES;
				GCC_WARN_64_TO_32_BIT_CONVERSION = YES;
				GCC_WARN_ABOUT_RETURN_TYPE = YES_ERROR;
				GCC_WARN_UNDECLARED_SELECTOR = YES;
				GCC_WARN_UNINITIALIZED_AUTOS = YES_AGGRESSIVE;
				GCC_WARN_UNUSED_FUNCTION = YES;
				GCC_WARN_UNUSED_VARIABLE = YES;
				IPHONEOS_DEPLOYMENT_TARGET = 8.3;
				MTL_ENABLE_DEBUG_INFO = NO;
				SDKROOT = iphoneos;
				TARGETED_DEVICE_FAMILY = "1,2";
				VALIDATE_PRODUCT = YES;
			};
			name = Release;
		};
		C15FDEAB1B57547600B77239 /* Debug */ = {
			isa = XCBuildConfiguration;
			buildSettings = {
				ASSETCATALOG_COMPILER_APPICON_NAME = AppIcon;
				INFOPLIST_FILE = Petition/Info.plist;
				LD_RUNPATH_SEARCH_PATHS = "$(inherited) @executable_path/Frameworks";
				PRODUCT_NAME = "$(TARGET_NAME)";
			};
			name = Debug;
		};
		C15FDEAC1B57547600B77239 /* Release */ = {
			isa = XCBuildConfiguration;
			buildSettings = {
				ASSETCATALOG_COMPILER_APPICON_NAME = AppIcon;
				INFOPLIST_FILE = Petition/Info.plist;
				LD_RUNPATH_SEARCH_PATHS = "$(inherited) @executable_path/Frameworks";
				PRODUCT_NAME = "$(TARGET_NAME)";
			};
			name = Release;
		};
		C15FDEAE1B57547600B77239 /* Debug */ = {
			isa = XCBuildConfiguration;
			buildSettings = {
				BUNDLE_LOADER = "$(TEST_HOST)";
				FRAMEWORK_SEARCH_PATHS = (
					"$(SDKROOT)/Developer/Library/Frameworks",
					"$(inherited)",
				);
				GCC_PREPROCESSOR_DEFINITIONS = (
					"DEBUG=1",
					"$(inherited)",
				);
				INFOPLIST_FILE = PetitionTests/Info.plist;
				LD_RUNPATH_SEARCH_PATHS = "$(inherited) @executable_path/Frameworks @loader_path/Frameworks";
				PRODUCT_NAME = "$(TARGET_NAME)";
				TEST_HOST = "$(BUILT_PRODUCTS_DIR)/Petition.app/Petition";
			};
			name = Debug;
		};
		C15FDEAF1B57547600B77239 /* Release */ = {
			isa = XCBuildConfiguration;
			buildSettings = {
				BUNDLE_LOADER = "$(TEST_HOST)";
				FRAMEWORK_SEARCH_PATHS = (
					"$(SDKROOT)/Developer/Library/Frameworks",
					"$(inherited)",
				);
				INFOPLIST_FILE = PetitionTests/Info.plist;
				LD_RUNPATH_SEARCH_PATHS = "$(inherited) @executable_path/Frameworks @loader_path/Frameworks";
				PRODUCT_NAME = "$(TARGET_NAME)";
				TEST_HOST = "$(BUILT_PRODUCTS_DIR)/Petition.app/Petition";
			};
			name = Release;
		};
/* End XCBuildConfiguration section */

/* Begin XCConfigurationList section */
		C15FDE861B57547600B77239 /* Build configuration list for PBXProject "Petition" */ = {
			isa = XCConfigurationList;
			buildConfigurations = (
				C15FDEA81B57547600B77239 /* Debug */,
				C15FDEA91B57547600B77239 /* Release */,
			);
			defaultConfigurationIsVisible = 0;
			defaultConfigurationName = Release;
		};
		C15FDEAA1B57547600B77239 /* Build configuration list for PBXNativeTarget "Petition" */ = {
			isa = XCConfigurationList;
			buildConfigurations = (
				C15FDEAB1B57547600B77239 /* Debug */,
				C15FDEAC1B57547600B77239 /* Release */,
			);
			defaultConfigurationIsVisible = 0;
		};
		C15FDEAD1B57547600B77239 /* Build configuration list for PBXNativeTarget "PetitionTests" */ = {
			isa = XCConfigurationList;
			buildConfigurations = (
				C15FDEAE1B57547600B77239 /* Debug */,
				C15FDEAF1B57547600B77239 /* Release */,
			);
			defaultConfigurationIsVisible = 0;
		};
/* End XCConfigurationList section */
	};
	rootObject = C15FDE831B57547600B77239 /* Project object */;
}
